
Microsoft Visual Studio Solution File, Format Version 12.00
# Visual Studio Version 17
VisualStudioVersion = 17.14.36511.14 d17.14
MinimumVisualStudioVersion = 10.0.40219.1
Project("{FAE04EC0-301F-11D3-BF4B-00C04F79EFBC}") = "stakeholders-service", "stakeholders-service.csproj", "{D49971FB-CBCA-B0A2-AF4A-2F96F6B2A5F7}"
EndProject
Global
	GlobalSection(SolutionConfigurationPlatforms) = preSolution
		Debug|Any CPU = Debug|Any CPU
		Release|Any CPU = Release|Any CPU
	EndGlobalSection
	GlobalSection(ProjectConfigurationPlatforms) = postSolution
		{D49971FB-CBCA-B0A2-AF4A-2F96F6B2A5F7}.Debug|Any CPU.ActiveCfg = Debug|Any CPU
		{D49971FB-CBCA-B0A2-AF4A-2F96F6B2A5F7}.Debug|Any CPU.Build.0 = Debug|Any CPU
		{D49971FB-CBCA-B0A2-AF4A-2F96F6B2A5F7}.Release|Any CPU.ActiveCfg = Release|Any CPU
		{D49971FB-CBCA-B0A2-AF4A-2F96F6B2A5F7}.Release|Any CPU.Build.0 = Release|Any CPU
	EndGlobalSection
	GlobalSection(SolutionProperties) = preSolution
		HideSolutionNode = FALSE
	EndGlobalSection
	GlobalSection(ExtensibilityGlobals) = postSolution
		SolutionGuid = {D7B725E0-218B-48B2-AA83-6DE34C553BD0}
	EndGlobalSection
EndGlobal
